
Microsoft Visual Studio Solution File, Format Version 12.00
# Visual Studio 14
VisualStudioVersion = 14.0.25420.1
MinimumVisualStudioVersion = 10.0.40219.1
Project("{FAE04EC0-301F-11D3-BF4B-00C04F79EFBC}") = "DependencyInjectionContainer", "DependencyInjectionContainer.csproj", "{E0599297-E47F-4487-8D66-1119866B8D52}"
EndProject
Project("{FAE04EC0-301F-11D3-BF4B-00C04F79EFBC}") = "DIContainerTest", "..\DIContainerTest\DIContainerTest.csproj", "{CA132F14-3E40-4F16-AAB8-B6514C771C55}"
EndProject
Global
	GlobalSection(SolutionConfigurationPlatforms) = preSolution
		Debug|Any CPU = Debug|Any CPU
		Release|Any CPU = Release|Any CPU
	EndGlobalSection
	GlobalSection(ProjectConfigurationPlatforms) = postSolution
		{E0599297-E47F-4487-8D66-1119866B8D52}.Debug|Any CPU.ActiveCfg = Debug|Any CPU
		{E0599297-E47F-4487-8D66-1119866B8D52}.Debug|Any CPU.Build.0 = Debug|Any CPU
		{E0599297-E47F-4487-8D66-1119866B8D52}.Release|Any CPU.ActiveCfg = Release|Any CPU
		{E0599297-E47F-4487-8D66-1119866B8D52}.Release|Any CPU.Build.0 = Release|Any CPU
		{CA132F14-3E40-4F16-AAB8-B6514C771C55}.Debug|Any CPU.ActiveCfg = Debug|Any CPU
		{CA132F14-3E40-4F16-AAB8-B6514C771C55}.Debug|Any CPU.Build.0 = Debug|Any CPU
		{CA132F14-3E40-4F16-AAB8-B6514C771C55}.Release|Any CPU.ActiveCfg = Release|Any CPU
		{CA132F14-3E40-4F16-AAB8-B6514C771C55}.Release|Any CPU.Build.0 = Release|Any CPU
	EndGlobalSection
	GlobalSection(SolutionProperties) = preSolution
		HideSolutionNode = FALSE
	EndGlobalSection
EndGlobal
